// !$*UTF8*$!
{
	archiveVersion = 1;
	classes = {
	};
	objectVersion = 46;
	objects = {

/* Begin PBXBuildFile section */
		961294731394866500C8742A /* Cocoa.framework in Frameworks */ = {isa = PBXBuildFile; fileRef = 961294721394866500C8742A /* Cocoa.framework */; };
/* End PBXBuildFile section */

/* Begin PBXFileReference section */
		961294701394866500C8742A /* libFooTarget.a */ = {isa = PBXFileReference; explicitFileType = archive.ar; includeInIndex = 0; path = libFooTarget.a; sourceTree = BUILT_PRODUCTS_DIR; };
		961294721394866500C8742A /* Cocoa.framework */ = {isa = PBXFileReference; lastKnownFileType = wrapper.framework; name = Cocoa.framework; path = System/Library/Frameworks/Cocoa.framework; sourceTree = SDKROOT; };
		961294751394866500C8742A /* AppKit.framework */ = {isa = PBXFileReference; lastKnownFileType = wrapper.framework; name = AppKit.framework; path = System/Library/Frameworks/AppKit.framework; sourceTree = SDKROOT; };
		961294761394866500C8742A /* CoreData.framework */ = {isa = PBXFileReference; lastKnownFileType = wrapper.framework; name = CoreData.framework; path = System/Library/Frameworks/CoreData.framework; sourceTree = SDKROOT; };
		961294771394866500C8742A /* Foundation.framework */ = {isa = PBXFileReference; lastKnownFileType = wrapper.framework; name = Foundation.framework; path = System/Library/Frameworks/Foundation.framework; sourceTree = SDKROOT; };
		9612947A1394866500C8742A /* FooTarget-Prefix.pch */ = {isa = PBXFileReference; lastKnownFileType = sourcecode.c.h; path = "FooTarget-Prefix.pch"; sourceTree = "<group>"; };
/* End PBXFileReference section */

/* Begin PBXFrameworksBuildPhase section */
		9612946D1394866500C8742A /* Frameworks */ = {
			isa = PBXFrameworksBuildPhase;
			buildActionMask = 2147483647;
			files = (
				961294731394866500C8742A /* Cocoa.framework in Frameworks */,
			);
			runOnlyForDeploymentPostprocessing = 0;
		};
/* End PBXFrameworksBuildPhase section */

/* Begin PBXGroup section */
		961294711394866500C8742A /* Frameworks */ = {
			isa = PBXGroup;
			children = (
				961294721394866500C8742A /* Cocoa.framework */,
				961294741394866500C8742A /* Other Frameworks */,
			);
			name = Frameworks;
			sourceTree = "<group>";
		};
		961294741394866500C8742A /* Other Frameworks */ = {
			isa = PBXGroup;
			children = (
				961294751394866500C8742A /* AppKit.framework */,
				961294761394866500C8742A /* CoreData.framework */,
				961294771394866500C8742A /* Foundation.framework */,
			);
			name = "Other Frameworks";
			sourceTree = "<group>";
		};
		961294781394866500C8742A /* FooTarget */ = {
			isa = PBXGroup;
			children = (
				961294791394866500C8742A /* Supporting Files */,
			);
			path = FooTarget;
			sourceTree = "<group>";
		};
		961294791394866500C8742A /* Supporting Files */ = {
			isa = PBXGroup;
			children = (
				9612947A1394866500C8742A /* FooTarget-Prefix.pch */,
			);
			name = "Supporting Files";
			sourceTree = "<group>";
		};
		9688EA0F138C56BC00469251 = {
			isa = PBXGroup;
			children = (
				961294701394866500C8742A /* libFooTarget.a */,
				961294781394866500C8742A /* FooTarget */,
				961294711394866500C8742A /* Frameworks */,
			);
			sourceTree = "<group>";
		};
/* End PBXGroup section */

/* Begin PBXHeadersBuildPhase section */
		9612946E1394866500C8742A /* Headers */ = {
			isa = PBXHeadersBuildPhase;
			buildActionMask = 2147483647;
			files = (
			);
			runOnlyForDeploymentPostprocessing = 0;
		};
/* End PBXHeadersBuildPhase section */

/* Begin PBXNativeTarget section */
		9612946F1394866500C8742A /* FooTarget */ = {
			isa = PBXNativeTarget;
			buildConfigurationList = 9612947D1394866500C8742A /* Build configuration list for PBXNativeTarget "FooTarget" */;
			buildPhases = (
				9612946C1394866500C8742A /* Sources */,
				9612946D1394866500C8742A /* Frameworks */,
				9612946E1394866500C8742A /* Headers */,
			);
			buildRules = (
			);
			dependencies = (
			);
			name = FooTarget;
			productName = FooTarget;
			productReference = 961294701394866500C8742A /* libFooTarget.a */;
			productType = "com.apple.product-type.library.static";
		};
/* End PBXNativeTarget section */

/* Begin PBXProject section */
		9688EA11138C56BC00469251 /* Project object */ = {
			isa = PBXProject;
			buildConfigurationList = 9688EA14138C56BC00469251 /* Build configuration list for PBXProject "Foo" */;
			compatibilityVersion = "Xcode 3.2";
			developmentRegion = English;
			hasScannedForEncodings = 0;
			knownRegions = (
				en,
			);
			mainGroup = 9688EA0F138C56BC00469251;
			productRefGroup = 9688EA0F138C56BC00469251;
			projectDirPath = "";
			projectRoot = "";
			targets = (
				9612946F1394866500C8742A /* FooTarget */,
			);
		};
/* End PBXProject section */

/* Begin PBXSourcesBuildPhase section */
		9612946C1394866500C8742A /* Sources */ = {
			isa = PBXSourcesBuildPhase;
			buildActionMask = 2147483647;
			files = (
			);
			runOnlyForDeploymentPostprocessing = 0;
		};
/* End PBXSourcesBuildPhase section */

/* Begin XCBuildConfiguration section */
		9612947B1394866500C8742A /* Debug */ = {
			isa = XCBuildConfiguration;
			buildSettings = {
				ALWAYS_SEARCH_USER_PATHS = NO;
				ARCHS = "$(ARCHS_STANDARD_32_64_BIT)";
				COPY_PHASE_STRIP = NO;
				GCC_DYNAMIC_NO_PIC = NO;
				GCC_ENABLE_OBJC_EXCEPTIONS = YES;
				GCC_PRECOMPILE_PREFIX_HEADER = YES;
				GCC_PREFIX_HEADER = "FooTarget/FooTarget-Prefix.pch";
				GCC_VERSION = com.apple.compilers.llvm.clang.1_0;
				GCC_WARN_64_TO_32_BIT_CONVERSION = YES;
				MACOSX_DEPLOYMENT_TARGET = 10.6;
				ONLY_ACTIVE_ARCH = YES;
				PRODUCT_NAME = "$(TARGET_NAME)";
				SDKROOT = macosx;
			};
			name = Debug;
		};
		9612947C1394866500C8742A /* Release */ = {
			isa = XCBuildConfiguration;
			buildSettings = {
				ALWAYS_SEARCH_USER_PATHS = NO;
				ARCHS = "$(ARCHS_STANDARD_32_64_BIT)";
				COPY_PHASE_STRIP = YES;
				DEBUG_INFORMATION_FORMAT = "dwarf-with-dsym";
				GCC_ENABLE_OBJC_EXCEPTIONS = YES;
				GCC_PRECOMPILE_PREFIX_HEADER = YES;
				GCC_PREFIX_HEADER = "FooTarget/FooTarget-Prefix.pch";
				GCC_VERSION = com.apple.compilers.llvm.clang.1_0;
				GCC_WARN_64_TO_32_BIT_CONVERSION = YES;
				MACOSX_DEPLOYMENT_TARGET = 10.6;
				PRODUCT_NAME = "$(TARGET_NAME)";
				SDKROOT = macosx;
			};
			name = Release;
		};
		9688EA39138C56BD00469251 /* Debug */ = {
			isa = XCBuildConfiguration;
			buildSettings = {
				ARCHS = "$(ARCHS_STANDARD_32_BIT)";
				"CODE_SIGN_IDENTITY[sdk=iphoneos*]" = "iPhone Developer";
				GCC_C_LANGUAGE_STANDARD = gnu99;
				GCC_OPTIMIZATION_LEVEL = 0;
				GCC_PREPROCESSOR_DEFINITIONS = DEBUG;
				GCC_SYMBOLS_PRIVATE_EXTERN = NO;
				GCC_VERSION = com.apple.compilers.llvmgcc42;
				GCC_WARN_ABOUT_RETURN_TYPE = YES;
				GCC_WARN_UNUSED_VARIABLE = YES;
				IPHONEOS_DEPLOYMENT_TARGET = 4.3;
				SDKROOT = iphoneos;
			};
			name = Debug;
		};
		9688EA3A138C56BD00469251 /* Release */ = {
			isa = XCBuildConfiguration;
			buildSettings = {
				ARCHS = "$(ARCHS_STANDARD_32_BIT)";
				"CODE_SIGN_IDENTITY[sdk=iphoneos*]" = "iPhone Developer";
				GCC_C_LANGUAGE_STANDARD = gnu99;
				GCC_VERSION = com.apple.compilers.llvmgcc42;
				GCC_WARN_ABOUT_RETURN_TYPE = YES;
				GCC_WARN_UNUSED_VARIABLE = YES;
				IPHONEOS_DEPLOYMENT_TARGET = 4.3;
				OTHER_CFLAGS = "-DNS_BLOCK_ASSERTIONS=1";
				SDKROOT = iphoneos;
			};
			name = Release;
		};
/* End XCBuildConfiguration section */

/* Begin XCConfigurationList section */
		9612947D1394866500C8742A /* Build configuration list for PBXNativeTarget "FooTarget" */ = {
			isa = XCConfigurationList;
			buildConfigurations = (
				9612947B1394866500C8742A /* Debug */,
				9612947C1394866500C8742A /* Release */,
			);
			defaultConfigurationIsVisible = 0;
		};
		9688EA14138C56BC00469251 /* Build configuration list for PBXProject "Foo" */ = {
			isa = XCConfigurationList;
			buildConfigurations = (
				9688EA39138C56BD00469251 /* Debug */,
				9688EA3A138C56BD00469251 /* Release */,
			);
			defaultConfigurationIsVisible = 0;
			defaultConfigurationName = Release;
		};
/* End XCConfigurationList section */
	};
	rootObject = 9688EA11138C56BC00469251 /* Project object */;
}
